// !$*UTF8*$!
{
	archiveVersion = 1;
	classes = {
	};
	objectVersion = 48;
	objects = {

/* Begin PBXBuildFile section */
		EE374CBB1FCC1BF2008E9277 /* Scrawl.framework in CopyFiles */ = {isa = PBXBuildFile; fileRef = EE374CB71FCC1B7E008E9277 /* Scrawl.framework */; settings = {ATTRIBUTES = (CodeSignOnCopy, RemoveHeadersOnCopy, ); }; };
		EE951C281FCC175F00DE95F7 /* AppDelegate.swift in Sources */ = {isa = PBXBuildFile; fileRef = EE951C271FCC175F00DE95F7 /* AppDelegate.swift */; };
		EE951C2A1FCC175F00DE95F7 /* ViewController.swift in Sources */ = {isa = PBXBuildFile; fileRef = EE951C291FCC175F00DE95F7 /* ViewController.swift */; };
		EE951C2D1FCC175F00DE95F7 /* Main.storyboard in Resources */ = {isa = PBXBuildFile; fileRef = EE951C2B1FCC175F00DE95F7 /* Main.storyboard */; };
		EE951C2F1FCC175F00DE95F7 /* Assets.xcassets in Resources */ = {isa = PBXBuildFile; fileRef = EE951C2E1FCC175F00DE95F7 /* Assets.xcassets */; };
		EE951C321FCC175F00DE95F7 /* LaunchScreen.storyboard in Resources */ = {isa = PBXBuildFile; fileRef = EE951C301FCC175F00DE95F7 /* LaunchScreen.storyboard */; };
/* End PBXBuildFile section */

/* Begin PBXContainerItemProxy section */
		EE374CB61FCC1B7E008E9277 /* PBXContainerItemProxy */ = {
			isa = PBXContainerItemProxy;
			containerPortal = EE374CB11FCC1B7E008E9277 /* Scrawl.xcodeproj */;
			proxyType = 2;
			remoteGlobalIDString = EE951BF71FCC16C700DE95F7;
			remoteInfo = Scrawl;
		};
		EE374CB81FCC1B7E008E9277 /* PBXContainerItemProxy */ = {
			isa = PBXContainerItemProxy;
			containerPortal = EE374CB11FCC1B7E008E9277 /* Scrawl.xcodeproj */;
			proxyType = 2;
			remoteGlobalIDString = EE951C101FCC172100DE95F7;
			remoteInfo = ScrawlTests;
		};
/* End PBXContainerItemProxy section */

/* Begin PBXCopyFilesBuildPhase section */
		EE374CBA1FCC1BDC008E9277 /* CopyFiles */ = {
			isa = PBXCopyFilesBuildPhase;
			buildActionMask = 2147483647;
			dstPath = "";
			dstSubfolderSpec = 10;
			files = (
				EE374CBB1FCC1BF2008E9277 /* Scrawl.framework in CopyFiles */,
			);
			runOnlyForDeploymentPostprocessing = 0;
		};
/* End PBXCopyFilesBuildPhase section */

/* Begin PBXFileReference section */
		EE374CB11FCC1B7E008E9277 /* Scrawl.xcodeproj */ = {isa = PBXFileReference; lastKnownFileType = "wrapper.pb-project"; name = Scrawl.xcodeproj; path = ../Scrawl.xcodeproj; sourceTree = "<group>"; };
		EE951C241FCC175F00DE95F7 /* Example.app */ = {isa = PBXFileReference; explicitFileType = wrapper.application; includeInIndex = 0; path = Example.app; sourceTree = BUILT_PRODUCTS_DIR; };
		EE951C271FCC175F00DE95F7 /* AppDelegate.swift */ = {isa = PBXFileReference; lastKnownFileType = sourcecode.swift; path = AppDelegate.swift; sourceTree = "<group>"; };
		EE951C291FCC175F00DE95F7 /* ViewController.swift */ = {isa = PBXFileReference; lastKnownFileType = sourcecode.swift; path = ViewController.swift; sourceTree = "<group>"; };
		EE951C2C1FCC175F00DE95F7 /* Base */ = {isa = PBXFileReference; lastKnownFileType = file.storyboard; name = Base; path = Base.lproj/Main.storyboard; sourceTree = "<group>"; };
		EE951C2E1FCC175F00DE95F7 /* Assets.xcassets */ = {isa = PBXFileReference; lastKnownFileType = folder.assetcatalog; path = Assets.xcassets; sourceTree = "<group>"; };
		EE951C311FCC175F00DE95F7 /* Base */ = {isa = PBXFileReference; lastKnownFileType = file.storyboard; name = Base; path = Base.lproj/LaunchScreen.storyboard; sourceTree = "<group>"; };
		EE951C331FCC175F00DE95F7 /* Info.plist */ = {isa = PBXFileReference; lastKnownFileType = text.plist.xml; path = Info.plist; sourceTree = "<group>"; };
/* End PBXFileReference section */

/* Begin PBXFrameworksBuildPhase section */
		EE951C211FCC175F00DE95F7 /* Frameworks */ = {
			isa = PBXFrameworksBuildPhase;
			buildActionMask = 2147483647;
			files = (
			);
			runOnlyForDeploymentPostprocessing = 0;
		};
/* End PBXFrameworksBuildPhase section */

/* Begin PBXGroup section */
		EE374C8A1FCC196F008E9277 /* Frameworks */ = {
			isa = PBXGroup;
			children = (
				EE374CB11FCC1B7E008E9277 /* Scrawl.xcodeproj */,
			);
			name = Frameworks;
			sourceTree = "<group>";
		};
		EE374CB21FCC1B7E008E9277 /* Products */ = {
			isa = PBXGroup;
			children = (
				EE374CB71FCC1B7E008E9277 /* Scrawl.framework */,
				EE374CB91FCC1B7E008E9277 /* ScrawlTests.xctest */,
			);
			name = Products;
			sourceTree = "<group>";
		};
		EE951C1B1FCC175F00DE95F7 = {
			isa = PBXGroup;
			children = (
				EE951C261FCC175F00DE95F7 /* Example */,
				EE951C251FCC175F00DE95F7 /* Products */,
				EE374C8A1FCC196F008E9277 /* Frameworks */,
			);
			sourceTree = "<group>";
		};
		EE951C251FCC175F00DE95F7 /* Products */ = {
			isa = PBXGroup;
			children = (
				EE951C241FCC175F00DE95F7 /* Example.app */,
			);
			name = Products;
			sourceTree = "<group>";
		};
		EE951C261FCC175F00DE95F7 /* Example */ = {
			isa = PBXGroup;
			children = (
				EE951C271FCC175F00DE95F7 /* AppDelegate.swift */,
				EE951C291FCC175F00DE95F7 /* ViewController.swift */,
				EE951C2B1FCC175F00DE95F7 /* Main.storyboard */,
				EE951C2E1FCC175F00DE95F7 /* Assets.xcassets */,
				EE951C301FCC175F00DE95F7 /* LaunchScreen.storyboard */,
				EE951C331FCC175F00DE95F7 /* Info.plist */,
			);
			path = Example;
			sourceTree = "<group>";
		};
/* End PBXGroup section */

/* Begin PBXNativeTarget section */
		EE951C231FCC175F00DE95F7 /* Example */ = {
			isa = PBXNativeTarget;
			buildConfigurationList = EE951C411FCC175F00DE95F7 /* Build configuration list for PBXNativeTarget "Example" */;
			buildPhases = (
				EE951C201FCC175F00DE95F7 /* Sources */,
				EE951C211FCC175F00DE95F7 /* Frameworks */,
				EE951C221FCC175F00DE95F7 /* Resources */,
				EE374CBA1FCC1BDC008E9277 /* CopyFiles */,
			);
			buildRules = (
			);
			dependencies = (
			);
			name = Example;
			productName = Example;
			productReference = EE951C241FCC175F00DE95F7 /* Example.app */;
			productType = "com.apple.product-type.application";
		};
/* End PBXNativeTarget section */

/* Begin PBXProject section */
		EE951C1C1FCC175F00DE95F7 /* Project object */ = {
			isa = PBXProject;
			attributes = {
				LastSwiftUpdateCheck = 0910;
				LastUpgradeCheck = 0910;
				ORGANIZATIONNAME = Calios;
				TargetAttributes = {
					EE951C231FCC175F00DE95F7 = {
						CreatedOnToolsVersion = 9.1;
						ProvisioningStyle = Automatic;
					};
				};
			};
			buildConfigurationList = EE951C1F1FCC175F00DE95F7 /* Build configuration list for PBXProject "Example" */;
			compatibilityVersion = "Xcode 8.0";
			developmentRegion = en;
			hasScannedForEncodings = 0;
			knownRegions = (
				en,
				Base,
			);
			mainGroup = EE951C1B1FCC175F00DE95F7;
			productRefGroup = EE951C251FCC175F00DE95F7 /* Products */;
			projectDirPath = "";
			projectReferences = (
				{
					ProductGroup = EE374CB21FCC1B7E008E9277 /* Products */;
					ProjectRef = EE374CB11FCC1B7E008E9277 /* Scrawl.xcodeproj */;
				},
			);
			projectRoot = "";
			targets = (
				EE951C231FCC175F00DE95F7 /* Example */,
			);
		};
/* End PBXProject section */

/* Begin PBXReferenceProxy section */
		EE374CB71FCC1B7E008E9277 /* Scrawl.framework */ = {
			isa = PBXReferenceProxy;
			fileType = wrapper.framework;
			path = Scrawl.framework;
			remoteRef = EE374CB61FCC1B7E008E9277 /* PBXContainerItemProxy */;
			sourceTree = BUILT_PRODUCTS_DIR;
		};
		EE374CB91FCC1B7E008E9277 /* ScrawlTests.xctest */ = {
			isa = PBXReferenceProxy;
			fileType = wrapper.cfbundle;
			path = ScrawlTests.xctest;
			remoteRef = EE374CB81FCC1B7E008E9277 /* PBXContainerItemProxy */;
			sourceTree = BUILT_PRODUCTS_DIR;
		};
/* End PBXReferenceProxy section */

/* Begin PBXResourcesBuildPhase section */
		EE951C221FCC175F00DE95F7 /* Resources */ = {
			isa = PBXResourcesBuildPhase;
			buildActionMask = 2147483647;
			files = (
				EE951C321FCC175F00DE95F7 /* LaunchScreen.storyboard in Resources */,
				EE951C2F1FCC175F00DE95F7 /* Assets.xcassets in Resources */,
				EE951C2D1FCC175F00DE95F7 /* Main.storyboard in Resources */,
			);
			runOnlyForDeploymentPostprocessing = 0;
		};
/* End PBXResourcesBuildPhase section */

/* Begin PBXSourcesBuildPhase section */
		EE951C201FCC175F00DE95F7 /* Sources */ = {
			isa = PBXSourcesBuildPhase;
			buildActionMask = 2147483647;
			files = (
				EE951C2A1FCC175F00DE95F7 /* ViewController.swift in Sources */,
				EE951C281FCC175F00DE95F7 /* AppDelegate.swift in Sources */,
			);
			runOnlyForDeploymentPostprocessing = 0;
		};
/* End PBXSourcesBuildPhase section */

/* Begin PBXVariantGroup section */
		EE951C2B1FCC175F00DE95F7 /* Main.storyboard */ = {
			isa = PBXVariantGroup;
			children = (
				EE951C2C1FCC175F00DE95F7 /* Base */,
			);
			name = Main.storyboard;
			sourceTree = "<group>";
		};
		EE951C301FCC175F00DE95F7 /* LaunchScreen.storyboard */ = {
			isa = PBXVariantGroup;
			children = (
				EE951C311FCC175F00DE95F7 /* Base */,
			);
			name = LaunchScreen.storyboard;
			sourceTree = "<group>";
		};
/* End PBXVariantGroup section */

/* Begin XCBuildConfiguration section */
		EE951C3F1FCC175F00DE95F7 /* Debug */ = {
			isa = XCBuildConfiguration;
			buildSettings = {
				ALWAYS_SEARCH_USER_PATHS = NO;
				CLANG_ANALYZER_NONNULL = YES;
				CLANG_ANALYZER_NUMBER_OBJECT_CONVERSION = YES_AGGRESSIVE;
				CLANG_CXX_LANGUAGE_STANDARD = "gnu++14";
				CLANG_CXX_LIBRARY = "libc++";
				CLANG_ENABLE_MODULES = YES;
				CLANG_ENABLE_OBJC_ARC = YES;
				CLANG_WARN_BLOCK_CAPTURE_AUTORELEASING = YES;
				CLANG_WARN_BOOL_CONVERSION = YES;
				CLANG_WARN_COMMA = YES;
				CLANG_WARN_CONSTANT_CONVERSION = YES;
				CLANG_WARN_DIRECT_OBJC_ISA_USAGE = YES_ERROR;
				CLANG_WARN_DOCUMENTATION_COMMENTS = YES;
				CLANG_WARN_EMPTY_BODY = YES;
				CLANG_WARN_ENUM_CONVERSION = YES;
				CLANG_WARN_INFINITE_RECURSION = YES;
				CLANG_WARN_INT_CONVERSION = YES;
				CLANG_WARN_NON_LITERAL_NULL_CONVERSION = YES;
				CLANG_WARN_OBJC_LITERAL_CONVERSION = YES;
				CLANG_WARN_OBJC_ROOT_CLASS = YES_ERROR;
				CLANG_WARN_RANGE_LOOP_ANALYSIS = YES;
				CLANG_WARN_STRICT_PROTOTYPES = YES;
				CLANG_WARN_SUSPICIOUS_MOVE = YES;
				CLANG_WARN_UNGUARDED_AVAILABILITY = YES_AGGRESSIVE;
				CLANG_WARN_UNREACHABLE_CODE = YES;
				CLANG_WARN__DUPLICATE_METHOD_MATCH = YES;
				CODE_SIGN_IDENTITY = "iPhone Developer";
				COPY_PHASE_STRIP = NO;
				DEBUG_INFORMATION_FORMAT = dwarf;
				ENABLE_STRICT_OBJC_MSGSEND = YES;
				ENABLE_TESTABILITY = YES;
				GCC_C_LANGUAGE_STANDARD = gnu11;
				GCC_DYNAMIC_NO_PIC = NO;
				GCC_NO_COMMON_BLOCKS = YES;
				GCC_OPTIMIZATION_LEVEL = 0;
				GCC_PREPROCESSOR_DEFINITIONS = (
					"DEBUG=1",
					"$(inherited)",
				);
				GCC_WARN_64_TO_32_BIT_CONVERSION = YES;
				GCC_WARN_ABOUT_RETURN_TYPE = YES_ERROR;
				GCC_WARN_UNDECLARED_SELECTOR = YES;
				GCC_WARN_UNINITIALIZED_AUTOS = YES_AGGRESSIVE;
				GCC_WARN_UNUSED_FUNCTION = YES;
				GCC_WARN_UNUSED_VARIABLE = YES;
				IPHONEOS_DEPLOYMENT_TARGET = 9.0;
				MTL_ENABLE_DEBUG_INFO = YES;
				ONLY_ACTIVE_ARCH = YES;
				SDKROOT = iphoneos;
				SWIFT_ACTIVE_COMPILATION_CONDITIONS = DEBUG;
				SWIFT_OPTIMIZATION_LEVEL = "-Onone";
			};
			name = Debug;
		};
		EE951C401FCC175F00DE95F7 /* Release */ = {
			isa = XCBuildConfiguration;
			buildSettings = {
				ALWAYS_SEARCH_USER_PATHS = NO;
				CLANG_ANALYZER_NONNULL = YES;
				CLANG_ANALYZER_NUMBER_OBJECT_CONVERSION = YES_AGGRESSIVE;
				CLANG_CXX_LANGUAGE_STANDARD = "gnu++14";
				CLANG_CXX_LIBRARY = "libc++";
				CLANG_ENABLE_MODULES = YES;
				CLANG_ENABLE_OBJC_ARC = YES;
				CLANG_WARN_BLOCK_CAPTURE_AUTORELEASING = YES;
				CLANG_WARN_BOOL_CONVERSION = YES;
				CLANG_WARN_COMMA = YES;
				CLANG_WARN_CONSTANT_CONVERSION = YES;
				CLANG_WARN_DIRECT_OBJC_ISA_USAGE = YES_ERROR;
				CLANG_WARN_DOCUMENTATION_COMMENTS = YES;
				CLANG_WARN_EMPTY_BODY = YES;
				CLANG_WARN_ENUM_CONVERSION = YES;
				CLANG_WARN_INFINITE_RECURSION = YES;
				CLANG_WARN_INT_CONVERSION = YES;
				CLANG_WARN_NON_LITERAL_NULL_CONVERSION = YES;
				CLANG_WARN_OBJC_LITERAL_CONVERSION = YES;
				CLANG_WARN_OBJC_ROOT_CLASS = YES_ERROR;
				CLANG_WARN_RANGE_LOOP_ANALYSIS = YES;
				CLANG_WARN_STRICT_PROTOTYPES = YES;
				CLANG_WARN_SUSPICIOUS_MOVE = YES;
				CLANG_WARN_UNGUARDED_AVAILABILITY = YES_AGGRESSIVE;
				CLANG_WARN_UNREACHABLE_CODE = YES;
				CLANG_WARN__DUPLICATE_METHOD_MATCH = YES;
				CODE_SIGN_IDENTITY = "iPhone Developer";
				COPY_PHASE_STRIP = NO;
				DEBUG_INFORMATION_FORMAT = "dwarf-with-dsym";
				ENABLE_NS_ASSERTIONS = NO;
				ENABLE_STRICT_OBJC_MSGSEND = YES;
				GCC_C_LANGUAGE_STANDARD = gnu11;
				GCC_NO_COMMON_BLOCKS = YES;
				GCC_WARN_64_TO_32_BIT_CONVERSION = YES;
				GCC_WARN_ABOUT_RETURN_TYPE = YES_ERROR;
				GCC_WARN_UNDECLARED_SELECTOR = YES;
				GCC_WARN_UNINITIALIZED_AUTOS = YES_AGGRESSIVE;
				GCC_WARN_UNUSED_FUNCTION = YES;
				GCC_WARN_UNUSED_VARIABLE = YES;
				IPHONEOS_DEPLOYMENT_TARGET = 9.0;
				MTL_ENABLE_DEBUG_INFO = NO;
				SDKROOT = iphoneos;
				SWIFT_OPTIMIZATION_LEVEL = "-Owholemodule";
				VALIDATE_PRODUCT = YES;
			};
			name = Release;
		};
		EE951C421FCC175F00DE95F7 /* Debug */ = {
			isa = XCBuildConfiguration;
			buildSettings = {
				ASSETCATALOG_COMPILER_APPICON_NAME = AppIcon;
				CODE_SIGN_STYLE = Automatic;
				DEVELOPMENT_TEAM = N9K6HVRBSX;
				INFOPLIST_FILE = Example/Info.plist;
				LD_RUNPATH_SEARCH_PATHS = "$(inherited) @executable_path/Frameworks";
				PRODUCT_BUNDLE_IDENTIFIER = com.Calios.Example;
				PRODUCT_NAME = "$(TARGET_NAME)";
				SWIFT_VERSION = 4.0;
				TARGETED_DEVICE_FAMILY = "1,2";
			};
			name = Debug;
		};
		EE951C431FCC175F00DE95F7 /* Release */ = {
			isa = XCBuildConfiguration;
			buildSettings = {
				ASSETCATALOG_COMPILER_APPICON_NAME = AppIcon;
				CODE_SIGN_STYLE = Automatic;
				DEVELOPMENT_TEAM = N9K6HVRBSX;
				INFOPLIST_FILE = Example/Info.plist;
				LD_RUNPATH_SEARCH_PATHS = "$(inherited) @executable_path/Frameworks";
				PRODUCT_BUNDLE_IDENTIFIER = com.Calios.Example;
				PRODUCT_NAME = "$(TARGET_NAME)";
				SWIFT_VERSION = 4.0;
				TARGETED_DEVICE_FAMILY = "1,2";
			};
			name = Release;
		};
/* End XCBuildConfiguration section */

/* Begin XCConfigurationList section */
		EE951C1F1FCC175F00DE95F7 /* Build configuration list for PBXProject "Example" */ = {
			isa = XCConfigurationList;
			buildConfigurations = (
				EE951C3F1FCC175F00DE95F7 /* Debug */,
				EE951C401FCC175F00DE95F7 /* Release */,
			);
			defaultConfigurationIsVisible = 0;
			defaultConfigurationName = Release;
		};
		EE951C411FCC175F00DE95F7 /* Build configuration list for PBXNativeTarget "Example" */ = {
			isa = XCConfigurationList;
			buildConfigurations = (
				EE951C421FCC175F00DE95F7 /* Debug */,
				EE951C431FCC175F00DE95F7 /* Release */,
			);
			defaultConfigurationIsVisible = 0;
			defaultConfigurationName = Release;
		};
/* End XCConfigurationList section */
	};
	rootObject = EE951C1C1FCC175F00DE95F7 /* Project object */;
}
